github.com/alltom/oklab v1.0.0 h1:TxsmxioepyOiIAdmXr78IMDSwX3DT/NyS/8W4lsI+T0=
github.com/alltom/oklab v1.0.0/go.mod h1:QLQU/O6ibHXsj7WKCt8VRs5+lpPWlZzh/5mURqoB5Vw=
golang.org/x/image v0.38.0 h1:5l+q+Y9JDC7mBOMjo4/aPhMDcxEptsX+Tt3GgRQRPuE=
golang.org/x/image v0.38.0/go.mod h1:/3f6vaXC+6CEanU4KJxbcUZyEePbyKbaLoDOe4ehFYY=
